
Microsoft Visual Studio Solution File, Format Version 12.00
# Visual Studio Version 17
VisualStudioVersion = 17.5.33502.453
MinimumVisualStudioVersion = 10.0.40219.1
Project("{FAE04EC0-301F-11D3-BF4B-00C04F79EFBC}") = "JWTToken", "JWTToken\JWTToken.csproj", "{600A588E-46B4-4CE6-AEE4-F3E3A0B9CE26}"
EndProject
Global
	GlobalSection(SolutionConfigurationPlatforms) = preSolution
		Debug|Any CPU = Debug|Any CPU
		Release|Any CPU = Release|Any CPU
	EndGlobalSection
	GlobalSection(ProjectConfigurationPlatforms) = postSolution
		{600A588E-46B4-4CE6-AEE4-F3E3A0B9CE26}.Debug|Any CPU.ActiveCfg = Debug|Any CPU
		{600A588E-46B4-4CE6-AEE4-F3E3A0B9CE26}.Debug|Any CPU.Build.0 = Debug|Any CPU
		{600A588E-46B4-4CE6-AEE4-F3E3A0B9CE26}.Release|Any CPU.ActiveCfg = Release|Any CPU
		{600A588E-46B4-4CE6-AEE4-F3E3A0B9CE26}.Release|Any CPU.Build.0 = Release|Any CPU
	EndGlobalSection
	GlobalSection(SolutionProperties) = preSolution
		HideSolutionNode = FALSE
	EndGlobalSection
	GlobalSection(ExtensibilityGlobals) = postSolution
		SolutionGuid = {EF89EFAE-10DA-49F4-8D58-ED9F041AE3A6}
	EndGlobalSection
EndGlobal
